
Microsoft Visual Studio Solution File, Format Version 12.00
# Visual Studio 14
VisualStudioVersion = 14.0.23107.0
MinimumVisualStudioVersion = 10.0.40219.1
Project("{FAE04EC0-301F-11D3-BF4B-00C04F79EFBC}") = "BlackRat.Shaders", "src\BlackRat.Shaders\BlackRat.Shaders.csproj", "{F18BD504-05CE-48F1-9E50-8DBCC4000745}"
EndProject
Project("{FAE04EC0-301F-11D3-BF4B-00C04F79EFBC}") = "BlackRat.Shaders.Tests", "src\Tests\BlackRat.Shaders.Tests\BlackRat.Shaders.Tests.csproj", "{EDAFC765-9172-4075-A906-E686F517A4BD}"
EndProject
Project("{FAE04EC0-301F-11D3-BF4B-00C04F79EFBC}") = "ShaderClassGenerator", "src\ShaderClassGenerator\ShaderClassGenerator.csproj", "{AE362DEA-AA33-4B03-B609-3F30B0C7D1D7}"
EndProject
Global
	GlobalSection(SolutionConfigurationPlatforms) = preSolution
		Debug|Any CPU = Debug|Any CPU
		Release|Any CPU = Release|Any CPU
	EndGlobalSection
	GlobalSection(ProjectConfigurationPlatforms) = postSolution
		{F18BD504-05CE-48F1-9E50-8DBCC4000745}.Debug|Any CPU.ActiveCfg = Debug|Any CPU
		{F18BD504-05CE-48F1-9E50-8DBCC4000745}.Debug|Any CPU.Build.0 = Debug|Any CPU
		{F18BD504-05CE-48F1-9E50-8DBCC4000745}.Release|Any CPU.ActiveCfg = Release|Any CPU
		{F18BD504-05CE-48F1-9E50-8DBCC4000745}.Release|Any CPU.Build.0 = Release|Any CPU
		{EDAFC765-9172-4075-A906-E686F517A4BD}.Debug|Any CPU.ActiveCfg = Debug|Any CPU
		{EDAFC765-9172-4075-A906-E686F517A4BD}.Debug|Any CPU.Build.0 = Debug|Any CPU
		{EDAFC765-9172-4075-A906-E686F517A4BD}.Release|Any CPU.ActiveCfg = Release|Any CPU
		{EDAFC765-9172-4075-A906-E686F517A4BD}.Release|Any CPU.Build.0 = Release|Any CPU
		{AE362DEA-AA33-4B03-B609-3F30B0C7D1D7}.Debug|Any CPU.ActiveCfg = Debug|Any CPU
		{AE362DEA-AA33-4B03-B609-3F30B0C7D1D7}.Debug|Any CPU.Build.0 = Debug|Any CPU
		{AE362DEA-AA33-4B03-B609-3F30B0C7D1D7}.Release|Any CPU.ActiveCfg = Release|Any CPU
		{AE362DEA-AA33-4B03-B609-3F30B0C7D1D7}.Release|Any CPU.Build.0 = Release|Any CPU
	EndGlobalSection
	GlobalSection(SolutionProperties) = preSolution
		HideSolutionNode = FALSE
	EndGlobalSection
EndGlobal
